
Microsoft Visual Studio Solution File, Format Version 12.00
# Visual Studio Version 16
VisualStudioVersion = 16.0.30320.27
MinimumVisualStudioVersion = 10.0.40219.1
Project("{FAE04EC0-301F-11D3-BF4B-00C04F79EFBC}") = "API.Employee", "API.Employee\API.Employee.csproj", "{A213AE19-5DE9-4C2A-972E-CF6C6411D217}"
EndProject
Global
	GlobalSection(SolutionConfigurationPlatforms) = preSolution
		Debug|Any CPU = Debug|Any CPU
		Release|Any CPU = Release|Any CPU
	EndGlobalSection
	GlobalSection(ProjectConfigurationPlatforms) = postSolution
		{A213AE19-5DE9-4C2A-972E-CF6C6411D217}.Debug|Any CPU.ActiveCfg = Debug|Any CPU
		{A213AE19-5DE9-4C2A-972E-CF6C6411D217}.Debug|Any CPU.Build.0 = Debug|Any CPU
		{A213AE19-5DE9-4C2A-972E-CF6C6411D217}.Release|Any CPU.ActiveCfg = Release|Any CPU
		{A213AE19-5DE9-4C2A-972E-CF6C6411D217}.Release|Any CPU.Build.0 = Release|Any CPU
	EndGlobalSection
	GlobalSection(SolutionProperties) = preSolution
		HideSolutionNode = FALSE
	EndGlobalSection
	GlobalSection(ExtensibilityGlobals) = postSolution
		SolutionGuid = {D898A99F-8CDA-4B6A-BE38-B7F751B30479}
	EndGlobalSection
EndGlobal
